
Microsoft Visual Studio Solution File, Format Version 12.00
# Visual Studio 15
VisualStudioVersion = 15.0.28307.271
MinimumVisualStudioVersion = 10.0.40219.1
Project("{9A19103F-16F7-4668-BE54-9A1E7A4F7556}") = "RPGSheet2", "RPGSheet2\RPGSheet2.csproj", "{FC9398DB-7A34-405F-A903-ACE7906E21E9}"
EndProject
Project("{FAE04EC0-301F-11D3-BF4B-00C04F79EFBC}") = "RPGSheet2.test", "RPGSheet2.test\RPGSheet2.test.csproj", "{4996C7EA-E845-49BD-99AC-EA05B68885FD}"
EndProject
Global
	GlobalSection(SolutionConfigurationPlatforms) = preSolution
		Debug|Any CPU = Debug|Any CPU
		Debug|ARM = Debug|ARM
		Debug|ARM64 = Debug|ARM64
		Debug|x64 = Debug|x64
		Debug|x86 = Debug|x86
		Release|Any CPU = Release|Any CPU
		Release|ARM = Release|ARM
		Release|ARM64 = Release|ARM64
		Release|x64 = Release|x64
		Release|x86 = Release|x86
	EndGlobalSection
	GlobalSection(ProjectConfigurationPlatforms) = postSolution
		{FC9398DB-7A34-405F-A903-ACE7906E21E9}.Debug|Any CPU.ActiveCfg = Debug|Any CPU
		{FC9398DB-7A34-405F-A903-ACE7906E21E9}.Debug|Any CPU.Build.0 = Debug|Any CPU
		{FC9398DB-7A34-405F-A903-ACE7906E21E9}.Debug|ARM.ActiveCfg = Debug|Any CPU
		{FC9398DB-7A34-405F-A903-ACE7906E21E9}.Debug|ARM.Build.0 = Debug|Any CPU
		{FC9398DB-7A34-405F-A903-ACE7906E21E9}.Debug|ARM64.ActiveCfg = Debug|Any CPU
		{FC9398DB-7A34-405F-A903-ACE7906E21E9}.Debug|ARM64.Build.0 = Debug|Any CPU
		{FC9398DB-7A34-405F-A903-ACE7906E21E9}.Debug|x64.ActiveCfg = Debug|Any CPU
		{FC9398DB-7A34-405F-A903-ACE7906E21E9}.Debug|x64.Build.0 = Debug|Any CPU
		{FC9398DB-7A34-405F-A903-ACE7906E21E9}.Debug|x86.ActiveCfg = Debug|Any CPU
		{FC9398DB-7A34-405F-A903-ACE7906E21E9}.Debug|x86.Build.0 = Debug|Any CPU
		{FC9398DB-7A34-405F-A903-ACE7906E21E9}.Release|Any CPU.ActiveCfg = Release|Any CPU
		{FC9398DB-7A34-405F-A903-ACE7906E21E9}.Release|Any CPU.Build.0 = Release|Any CPU
		{FC9398DB-7A34-405F-A903-ACE7906E21E9}.Release|ARM.ActiveCfg = Release|Any CPU
		{FC9398DB-7A34-405F-A903-ACE7906E21E9}.Release|ARM.Build.0 = Release|Any CPU
		{FC9398DB-7A34-405F-A903-ACE7906E21E9}.Release|ARM64.ActiveCfg = Release|Any CPU
		{FC9398DB-7A34-405F-A903-ACE7906E21E9}.Release|ARM64.Build.0 = Release|Any CPU
		{FC9398DB-7A34-405F-A903-ACE7906E21E9}.Release|x64.ActiveCfg = Release|Any CPU
		{FC9398DB-7A34-405F-A903-ACE7906E21E9}.Release|x64.Build.0 = Release|Any CPU
		{FC9398DB-7A34-405F-A903-ACE7906E21E9}.Release|x86.ActiveCfg = Release|Any CPU
		{FC9398DB-7A34-405F-A903-ACE7906E21E9}.Release|x86.Build.0 = Release|Any CPU
		{4996C7EA-E845-49BD-99AC-EA05B68885FD}.Debug|Any CPU.ActiveCfg = Debug|Any CPU
		{4996C7EA-E845-49BD-99AC-EA05B68885FD}.Debug|Any CPU.Build.0 = Debug|Any CPU
		{4996C7EA-E845-49BD-99AC-EA05B68885FD}.Debug|ARM.ActiveCfg = Debug|Any CPU
		{4996C7EA-E845-49BD-99AC-EA05B68885FD}.Debug|ARM.Build.0 = Debug|Any CPU
		{4996C7EA-E845-49BD-99AC-EA05B68885FD}.Debug|ARM64.ActiveCfg = Debug|Any CPU
		{4996C7EA-E845-49BD-99AC-EA05B68885FD}.Debug|ARM64.Build.0 = Debug|Any CPU
		{4996C7EA-E845-49BD-99AC-EA05B68885FD}.Debug|x64.ActiveCfg = Debug|Any CPU
		{4996C7EA-E845-49BD-99AC-EA05B68885FD}.Debug|x64.Build.0 = Debug|Any CPU
		{4996C7EA-E845-49BD-99AC-EA05B68885FD}.Debug|x86.ActiveCfg = Debug|Any CPU
		{4996C7EA-E845-49BD-99AC-EA05B68885FD}.Debug|x86.Build.0 = Debug|Any CPU
		{4996C7EA-E845-49BD-99AC-EA05B68885FD}.Release|Any CPU.ActiveCfg = Release|Any CPU
		{4996C7EA-E845-49BD-99AC-EA05B68885FD}.Release|Any CPU.Build.0 = Release|Any CPU
		{4996C7EA-E845-49BD-99AC-EA05B68885FD}.Release|ARM.ActiveCfg = Release|Any CPU
		{4996C7EA-E845-49BD-99AC-EA05B68885FD}.Release|ARM.Build.0 = Release|Any CPU
		{4996C7EA-E845-49BD-99AC-EA05B68885FD}.Release|ARM64.ActiveCfg = Release|Any CPU
		{4996C7EA-E845-49BD-99AC-EA05B68885FD}.Release|ARM64.Build.0 = Release|Any CPU
		{4996C7EA-E845-49BD-99AC-EA05B68885FD}.Release|x64.ActiveCfg = Release|Any CPU
		{4996C7EA-E845-49BD-99AC-EA05B68885FD}.Release|x64.Build.0 = Release|Any CPU
		{4996C7EA-E845-49BD-99AC-EA05B68885FD}.Release|x86.ActiveCfg = Release|Any CPU
		{4996C7EA-E845-49BD-99AC-EA05B68885FD}.Release|x86.Build.0 = Release|Any CPU
	EndGlobalSection
	GlobalSection(SolutionProperties) = preSolution
		HideSolutionNode = FALSE
	EndGlobalSection
	GlobalSection(ExtensibilityGlobals) = postSolution
		SolutionGuid = {932276AD-EC3B-4CF2-B3A3-B76A27E9048E}
	EndGlobalSection
EndGlobal
